
Microsoft Visual Studio Solution File, Format Version 12.00
# Visual Studio Version 16
VisualStudioVersion = 16.0.31112.23
MinimumVisualStudioVersion = 10.0.40219.1
Project("{FAE04EC0-301F-11D3-BF4B-00C04F79EFBC}") = "SAPRG522", "SAPRG522.csproj", "{E9D11BF1-7207-48D3-A8C9-78E4BC86D96A}"
EndProject
Global
	GlobalSection(SolutionConfigurationPlatforms) = preSolution
		Debug|Any CPU = Debug|Any CPU
		Release|Any CPU = Release|Any CPU
	EndGlobalSection
	GlobalSection(ProjectConfigurationPlatforms) = postSolution
		{E9D11BF1-7207-48D3-A8C9-78E4BC86D96A}.Debug|Any CPU.ActiveCfg = Debug|Any CPU
		{E9D11BF1-7207-48D3-A8C9-78E4BC86D96A}.Debug|Any CPU.Build.0 = Debug|Any CPU
		{E9D11BF1-7207-48D3-A8C9-78E4BC86D96A}.Release|Any CPU.ActiveCfg = Release|Any CPU
		{E9D11BF1-7207-48D3-A8C9-78E4BC86D96A}.Release|Any CPU.Build.0 = Release|Any CPU
	EndGlobalSection
	GlobalSection(SolutionProperties) = preSolution
		HideSolutionNode = FALSE
	EndGlobalSection
	GlobalSection(ExtensibilityGlobals) = postSolution
		SolutionGuid = {2AE2B8E0-67AA-4AF4-A401-3F654A00AD0A}
	EndGlobalSection
EndGlobal
